{
  "requires": true,
  "lockfileVersion": 1,
  "dependencies": {
    "uuid4": {
      "version": "2.0.2",
      "resolved": "https://registry.npmjs.org/uuid4/-/uuid4-2.0.2.tgz",
      "integrity": "sha512-TzsQS8sN1B2m9WojyNp0X/3JL8J2RScnrAJnooNPL6lq3lA02/XdoWysyUgI6rAif0DzkkWk51N6OggujPy2RA=="
    }
  }
}
